
Microsoft Visual Studio Solution File, Format Version 12.00
# Visual Studio Version 16
VisualStudioVersion = 16.0.31005.135
MinimumVisualStudioVersion = 10.0.40219.1
Project("{FAE04EC0-301F-11D3-BF4B-00C04F79EFBC}") = "GameProject", "GameProject\GameProject.csproj", "{83A2F0D7-C08C-4F3E-8726-643E2FBA03EC}"
EndProject
Global
	GlobalSection(SolutionConfigurationPlatforms) = preSolution
		Debug|Any CPU = Debug|Any CPU
		Release|Any CPU = Release|Any CPU
	EndGlobalSection
	GlobalSection(ProjectConfigurationPlatforms) = postSolution
		{83A2F0D7-C08C-4F3E-8726-643E2FBA03EC}.Debug|Any CPU.ActiveCfg = Debug|Any CPU
		{83A2F0D7-C08C-4F3E-8726-643E2FBA03EC}.Debug|Any CPU.Build.0 = Debug|Any CPU
		{83A2F0D7-C08C-4F3E-8726-643E2FBA03EC}.Release|Any CPU.ActiveCfg = Release|Any CPU
		{83A2F0D7-C08C-4F3E-8726-643E2FBA03EC}.Release|Any CPU.Build.0 = Release|Any CPU
	EndGlobalSection
	GlobalSection(SolutionProperties) = preSolution
		HideSolutionNode = FALSE
	EndGlobalSection
	GlobalSection(ExtensibilityGlobals) = postSolution
		SolutionGuid = {C3DF7513-527F-4549-AD4E-E6273FF60F7C}
	EndGlobalSection
EndGlobal
